{
  "name": "cachewhy",
  "version": "0.1.0",
  "lockfileVersion": 3,
  "requires": true,
  "packages": {
    "": {
      "name": "cachewhy",
      "version": "0.1.0",
      "license": "MIT",
      "dependencies": {
        "http-cache-semantics": "4.2.0"
      },
      "bin": {
        "cachewhy": "bin/cachewhy.js"
      },
      "engines": {
        "node": ">=20"
      }
    },
    "node_modules/http-cache-semantics": {
      "version": "4.2.0",
      "resolved": "https://registry.npmjs.org/http-cache-semantics/-/http-cache-semantics-4.2.0.tgz",
      "integrity": "sha512-dTxcvPXqPvXBQpq5dUr6mEMJX4oIEFv6bwom3FDwKRDsuIjjJGANqhBuoAn9c1RQJIdAKav33ED65E2ys+87QQ==",
      "license": "BSD-2-Clause"
    }
  }
}
